github.com/gorilla/mux v1.8.0 h1:i40aqfkR1h2SlN9hojwV5ZA91wcXFOvkdNIeFDP5koI=
github.com/gorilla/mux v1.8.0/go.mod h1:DVbg23sWSpFRCP0SfiEN6jmj59UnW/n46BH5rLB71So=
github.com/joho/godotenv v1.4.0 h1:3l4+N6zfMWnkbPEXKng2o2/MR5mSwTrBih4ZEkkz1lg=
github.com/joho/godotenv v1.4.0/go.mod h1:f4LDr5Voq0i2e/R5DDNOoa2zzDfwtkZa6DnEwAbqwq4=
github.com/klassmann/cpfcnpj v0.0.0-20200907140233-a595c5fd8de1 h1:nT1t/3YnkjBWdVl6zmvmim6S8gjAZOpZi19iEBq3/Ko=
github.com/klassmann/cpfcnpj v0.0.0-20200907140233-a595c5fd8de1/go.mod h1:2lGFirXS+qsYDFtk4OAzWXyILL3mrSAluEH26Ao65ZY=
github.com/lib/pq v1.10.6 h1:jbk+ZieJ0D7EVGJYpL9QTz7/YW6UHbmdnZWYyK5cdBs=
github.com/lib/pq v1.10.6/go.mod h1:AlVN5x4E4T544tWzH6hKfbfQvm3HdbOxrmggDNAPY9o=
github.com/paemuri/brdoc v1.1.2 h1:jl3opOVRVvVr+ubc9DpzENe/d1uuYLNac4V1h7Jul/c=
github.com/paemuri/brdoc v1.1.2/go.mod h1:M0bbCy1qPGG0xou2ahCNXAntlkZ3Tl0w7NlC1v5fiZc=
